Microsoft Visual Studio Solution File, Format Version 12.00
# Visual Studio Version 17
VisualStudioVersion = 17.5.2.0
MinimumVisualStudioVersion = 10.0.40219.1
Project("{FAE04EC0-301F-11D3-BF4B-00C04F79EFBC}") = "SmartReadingMvc", "SmartReadingMvc.csproj", "{99983849-F5F2-6C9B-7B2E-0FA2FF82DC1F}"
EndProject
Global
	GlobalSection(SolutionConfigurationPlatforms) = preSolution
		Debug|Any CPU = Debug|Any CPU
		Release|Any CPU = Release|Any CPU
	EndGlobalSection
	GlobalSection(ProjectConfigurationPlatforms) = postSolution
		{99983849-F5F2-6C9B-7B2E-0FA2FF82DC1F}.Debug|Any CPU.ActiveCfg = Debug|Any CPU
		{99983849-F5F2-6C9B-7B2E-0FA2FF82DC1F}.Debug|Any CPU.Build.0 = Debug|Any CPU
		{99983849-F5F2-6C9B-7B2E-0FA2FF82DC1F}.Release|Any CPU.ActiveCfg = Release|Any CPU
		{99983849-F5F2-6C9B-7B2E-0FA2FF82DC1F}.Release|Any CPU.Build.0 = Release|Any CPU
	EndGlobalSection
	GlobalSection(SolutionProperties) = preSolution
		HideSolutionNode = FALSE
	EndGlobalSection
	GlobalSection(ExtensibilityGlobals) = postSolution
		SolutionGuid = {7B4F936D-27E2-4BA1-A42D-5A7B1EB30D2B}
	EndGlobalSection
EndGlobal
